Microsoft Visual Studio Solution File, Format Version 11.00
# Visual Studio 2008

Project("{2DC9278A-8D39-EA78-6A80-21AAE4C0662A}") = "ExampleCarboard", "Assembly-CSharp-firstpass.csproj", "{25837FA5-2917-A4C8-386B-4E3D88FF9B03}"
EndProject
Project("{2DC9278A-8D39-EA78-6A80-21AAE4C0662A}") = "ExampleCarboard", "Assembly-CSharp.csproj", "{CBA03845-9C46-96D0-A2C9-C72CB2F81A29}"
EndProject
Project("{2DC9278A-8D39-EA78-6A80-21AAE4C0662A}") = "ExampleCarboard", "Assembly-CSharp-Editor.csproj", "{75C7B574-A7D8-B94D-7B8C-46F97462C0C5}"
EndProject
Global
	GlobalSection(SolutionConfigurationPlatforms) = preSolution
		Debug|Any CPU = Debug|Any CPU
		Release|Any CPU = Release|Any CPU
	EndGlobalSection
	GlobalSection(ProjectConfigurationPlatforms) = postSolution
		{25837FA5-2917-A4C8-386B-4E3D88FF9B03}.Debug|Any CPU.ActiveCfg = Debug|Any CPU
		{25837FA5-2917-A4C8-386B-4E3D88FF9B03}.Debug|Any CPU.Build.0 = Debug|Any CPU
		{25837FA5-2917-A4C8-386B-4E3D88FF9B03}.Release|Any CPU.ActiveCfg = Release|Any CPU
		{25837FA5-2917-A4C8-386B-4E3D88FF9B03}.Release|Any CPU.Build.0 = Release|Any CPU
		{CBA03845-9C46-96D0-A2C9-C72CB2F81A29}.Debug|Any CPU.ActiveCfg = Debug|Any CPU
		{CBA03845-9C46-96D0-A2C9-C72CB2F81A29}.Debug|Any CPU.Build.0 = Debug|Any CPU
		{CBA03845-9C46-96D0-A2C9-C72CB2F81A29}.Release|Any CPU.ActiveCfg = Release|Any CPU
		{CBA03845-9C46-96D0-A2C9-C72CB2F81A29}.Release|Any CPU.Build.0 = Release|Any CPU
		{75C7B574-A7D8-B94D-7B8C-46F97462C0C5}.Debug|Any CPU.ActiveCfg = Debug|Any CPU
		{75C7B574-A7D8-B94D-7B8C-46F97462C0C5}.Debug|Any CPU.Build.0 = Debug|Any CPU
		{75C7B574-A7D8-B94D-7B8C-46F97462C0C5}.Release|Any CPU.ActiveCfg = Release|Any CPU
		{75C7B574-A7D8-B94D-7B8C-46F97462C0C5}.Release|Any CPU.Build.0 = Release|Any CPU
	EndGlobalSection
	GlobalSection(SolutionProperties) = preSolution
		HideSolutionNode = FALSE
	EndGlobalSection
	GlobalSection(MonoDevelopProperties) = preSolution
		StartupItem = Assembly-CSharp.csproj
	EndGlobalSection
EndGlobal
